
Microsoft Visual Studio Solution File, Format Version 12.00
# Visual Studio Version 17
VisualStudioVersion = 17.4.33205.214
MinimumVisualStudioVersion = 10.0.40219.1
Project("{FAE04EC0-301F-11D3-BF4B-00C04F79EFBC}") = "hastane", "hastane\hastane.csproj", "{5D7D5A10-2956-401D-B520-12D13A8D1D03}"
EndProject
Global
	GlobalSection(SolutionConfigurationPlatforms) = preSolution
		Debug|Any CPU = Debug|Any CPU
		Release|Any CPU = Release|Any CPU
	EndGlobalSection
	GlobalSection(ProjectConfigurationPlatforms) = postSolution
		{5D7D5A10-2956-401D-B520-12D13A8D1D03}.Debug|Any CPU.ActiveCfg = Debug|Any CPU
		{5D7D5A10-2956-401D-B520-12D13A8D1D03}.Debug|Any CPU.Build.0 = Debug|Any CPU
		{5D7D5A10-2956-401D-B520-12D13A8D1D03}.Release|Any CPU.ActiveCfg = Release|Any CPU
		{5D7D5A10-2956-401D-B520-12D13A8D1D03}.Release|Any CPU.Build.0 = Release|Any CPU
	EndGlobalSection
	GlobalSection(SolutionProperties) = preSolution
		HideSolutionNode = FALSE
	EndGlobalSection
	GlobalSection(ExtensibilityGlobals) = postSolution
		SolutionGuid = {05AFE8E4-DE73-4154-B2B5-34EE6F36EDD5}
	EndGlobalSection
EndGlobal
